<?xml version="1.0" encoding="UTF-8" standalone="yes" ?>
<CodeBlocks_project_file>
	<FileVersion major="1" minor="6" />
	<Project>
		<Option title="stereo" />
		<Option pch_mode="2" />
		<Option compiler="gcc" />
		<Build>
			<Target title="Debug">
				<Option output="libstereo" prefix_auto="1" extension_auto="1" />
				<Option working_dir="" />
				<Option object_output="obj/Debug/" />
				<Option type="2" />
				<Option compiler="gcc" />
				<Option createDefFile="1" />
				<Compiler>
					<Add option="-Wall" />
					<Add option="-g" />
				</Compiler>
				<Environment>
					<Variable name="compile_glsl" value="./compile-glsl.sh" />
				</Environment>
			</Target>
			<Target title="Release">
				<Option output="libstereo" prefix_auto="1" extension_auto="1" />
				<Option object_output="obj/Release/" />
				<Option type="3" />
				<Option compiler="gcc" />
				<Option createDefFile="1" />
				<Compiler>
					<Add option="-fexpensive-optimizations" />
					<Add option="-O3" />
					<Add option="-Wall" />
				</Compiler>
				<Linker>
					<Add option="-s" />
				</Linker>
			</Target>
		</Build>
		<Compiler>
			<Add directory="../libpara" />
		</Compiler>
		<Unit filename="README" />
		<Unit filename="effect.h" />
		<Unit filename="effect/effect.c">
			<Option compilerVar="CC" />
		</Unit>
		<Unit filename="effect/luminance.c">
			<Option compilerVar="CC" />
		</Unit>
		<Unit filename="effect/wave.c">
			<Option compilerVar="CC" />
		</Unit>
		<Unit filename="pattern.h" />
		<Unit filename="pattern/pattern-png.c">
			<Option compilerVar="CC" />
		</Unit>
		<Unit filename="pattern/pattern.c">
			<Option compilerVar="CC" />
		</Unit>
		<Unit filename="private/compile-glsl.sh" />
		<Unit filename="private/effect.h" />
		<Unit filename="private/fix.h" />
		<Unit filename="private/pixel.h" />
		<Unit filename="private/sin.h" />
		<Unit filename="private/stereo-shader.glsl">
			<Option compile="1" />
			<Option compiler="gcc" use="1" buildCommand='./private/compile-glsl.sh &quot;$file&quot;' />
		</Unit>
		<Unit filename="private/stereo-shader.h" />
		<Unit filename="stereo-gl.c">
			<Option compilerVar="CC" />
		</Unit>
		<Unit filename="stereo-gl.h" />
		<Unit filename="stereo.c">
			<Option compilerVar="CC" />
		</Unit>
		<Unit filename="stereo.h" />
		<Unit filename="zbuffer.h" />
		<Unit filename="zbuffer/zbuffer.c">
			<Option compilerVar="CC" />
		</Unit>
		<Extensions>
			<code_completion />
			<envvars />
			<lib_finder disable_auto="1" />
			<debugger />
		</Extensions>
	</Project>
</CodeBlocks_project_file>
